github.com/Knetic/govaluate v3.0.0+incompatible/go.mod h1:r7JcOSlj0wfOMncg0iLm8Leh48TZaKVeNIfJntJ2wa0=
github.com/OwnLocal/goes v1.0.0/go.mod h1:8rIFjBGTue3lCU0wplczcUgt9Gxgrkkrw7etMIcn8TM=
github.com/astaxie/beego v1.12.1 h1:dfpuoxpzLVgclveAXe4PyNKqkzgm5zF4tgF2B3kkM2I=
github.com/astaxie/beego v1.12.1/go.mod h1:kPBWpSANNbSdIqOc8SUL9h+1oyBMZhROeYsXQDbidWQ=
github.com/beego/goyaml2 v0.0.0-20130207012346-5545475820dd/go.mod h1:1b+Y/CofkYwXMUU0OhQqGvsY2Bvgr4j6jfT699wyZKQ=
github.com/beego/x2j v0.0.0-20131220205130-a0352aadc542/go.mod h1:kSeGC/p1AbBiEp5kat81+DSQrZenVBZXklMLaELspWU=
github.com/bmizerany/pat v0.0.0-20170815010413-6226ea591a40 h1:y4B3+GPxKlrigF1ha5FFErxK+sr6sWxQovRMzwMhejo=
github.com/bmizerany/pat v0.0.0-20170815010413-6226ea591a40/go.mod h1:8rLXio+WjiTceGBHIoTvn60HIbs7Hm7bcHjyrSqYB9c=
github.com/bradfitz/gomemcache v0.0.0-20180710155616-bc664df96737/go.mod h1:PmM6Mmwb0LSuEubjR8N7PtNe1KxZLtOUHtbeikc5h60=
github.com/casbin/casbin v1.7.0/go.mod h1:c67qKN6Oum3UF5Q1+BByfFxkwKvhwW57ITjqwtzR1KE=
github.com/cihub/seelog v0.0.0-20170130134532-f561c5e57575 h1:kHaBemcxl8o/pQ5VM1c8PVE1PubbNx3mjUr09OqWGCs=
github.com/cihub/seelog v0.0.0-20170130134532-f561c5e57575/go.mod h1:9d6lWj8KzO/fd/NrVaLscBKmPigpZpn5YawRPw+e3Yo=
github.com/cloudflare/golz4 v0.0.0-20150217214814-ef862a3cdc58/go.mod h1:EOBUe0h4xcZ5GoxqC5SDxFQ8gwyZPKQoEzownBlhI80=
github.com/couchbase/go-couchbase v0.0.0-20181122212707-3e9b6e1258bb/go.mod h1:TWI8EKQMs5u5jLKW/tsb9VwauIrMIxQG1r5fMsswK5U=
github.com/couchbase/gomemcached v0.0.0-20181122193126-5125a94a666c/go.mod h1:srVSlQLB8iXBVXHgnqemxUXqN6FCvClgCMPCsjBDR7c=
github.com/couchbase/goutils v0.0.0-20180530154633-e865a1461c8a/go.mod h1:BQwMFlJzDjFDG3DJUdU0KORxn88UlsOULuxLExMh3Hs=
github.com/cupcake/rdb v0.0.0-20161107195141-43ba34106c76/go.mod h1:vYwsqCOLxGiisLwp9rITslkFNpZD5rz43tf41QFkTWY=
github.com/davecgh/go-spew v1.1.0/go.mod h1:J7Y8YcW2NihsgmVo/mv3lAwl/skON4iLHjSsI+c5H38=
github.com/davecgh/go-spew v1.1.1/go.mod h1:J7Y8YcW2NihsgmVo/mv3lAwl/skON4iLHjSsI+c5H38=
github.com/deckarep/golang-set v1.7.1 h1:SCQV0S6gTtp6itiFrTqI+pfmJ4LN85S1YzhDf9rTHJQ=
github.com/deckarep/golang-set v1.7.1/go.mod h1:93vsz/8Wt4joVM7c2AVqh+YRMiUSc14yDtF28KmMOgQ=
github.com/edsrzf/mmap-go v0.0.0-20170320065105-0bce6a688712/go.mod h1:YO35OhQPt3KJa3ryjFM5Bs14WD66h8eGKpfaBNrHW5M=
github.com/elazarl/go-bindata-assetfs v1.0.0/go.mod h1:v+YaWX3bdea5J/mo8dSETolEo7R71Vk1u8bnjau5yw4=
github.com/eventials/go-tus v0.0.0-20190617130015-9db47421f6a0 h1:iJijjXGuAFvYA8rTypGm7xMcl3QKlhuNn+nn5dNGA/k=
github.com/eventials/go-tus v0.0.0-20190617130015-9db47421f6a0/go.mod h1:CfBfpEHiX55nX/EXkG3bOskUPrYe51D/guFiBupNSik=
github.com/fsnotify/fsnotify v1.4.7/go.mod h1:jwhsz4b93w/PPRr/qN1Yymfu8t87LnFCMoQvtojpjFo=
github.com/go-redis/redis v6.14.2+incompatible/go.mod h1:NAIEuMOZ/fxfXJIrKDQDz8wamY7mA7PouImQ2Jvg6kA=
github.com/go-sql-driver/mysql v1.4.1/go.mod h1:zAC/RDZ24gD3HViQzih4MyKcchzm+sOG5ZlKdlhCg5w=
github.com/gogo/protobuf v1.1.1/go.mod h1:r8qH/GZQm5c6nD/R0oafs1akxWv10x8SbQlK7atdtwQ=
github.com/golang/protobuf v1.2.0/go.mod h1:6lQm79b+lXiMfvg/cZm0SGofjICqVBUtrP5yJMmIC1U=
github.com/golang/snappy v0.0.0-20180518054509-2e65f85255db h1:woRePGFeVFfLKN/pOkfl+p/TAqKOfFu+7KPlMVpok/w=
github.com/golang/snappy v0.0.0-20180518054509-2e65f85255db/go.mod h1:/XxbfmMg8lxefKM7IXC3fBNl/7bRcc72aCRzEWrmP2Q=
github.com/gomodule/redigo v2.0.0+incompatible/go.mod h1:B4C85qUVwatsJoIUNIfCRsp7qO0iAmpGFZ4EELWSbC4=
github.com/google/gofuzz v1.0.0/go.mod h1:dBl0BpW6vV/+mYPU4Po3pmUjxk6FQPldtuIdl/M65Eg=
github.com/hpcloud/tail v1.0.0/go.mod h1:ab1qPbhIpdTxEkNHXyeSf5vhxWSCs/tWer42PpOxQnU=
github.com/json-iterator/go v1.1.9 h1:9yzud/Ht36ygwatGx56VwCZtlI/2AD15T1X2sjSuGns=
github.com/json-iterator/go v1.1.9/go.mod h1:KdQUCv79m/52Kvf8AW2vK1V8akMuk1QjK/uOdHXbAo4=
github.com/lib/pq v1.0.0/go.mod h1:5WUZQaWbwv1U+lTReE5YruASi9Al49XbQIvNi/34Woo=
github.com/mattn/go-sqlite3 v1.10.0/go.mod h1:FPy6KqzDD04eiIsT53CuJW3U88zkxoIYsOqkbpncsNc=
github.com/modern-go/concurrent v0.0.0-20180228061459-e0a39a4cb421 h1:ZqeYNhU3OHLH3mGKHDcjJRFFRrJa6eAM5H+CtDdOsPc=
github.com/modern-go/concurrent v0.0.0-20180228061459-e0a39a4cb421/go.mod h1:6dJC0mAP4ikYIbvyc7fijjWJddQyLn8Ig3JB5CqoB9Q=
github.com/modern-go/reflect2 v0.0.0-20180701023420-4b7aa43c6742 h1:Esafd1046DLDQ0W1YjYsBW+p8U2u7vzgW2SQVmlNazg=
github.com/modern-go/reflect2 v0.0.0-20180701023420-4b7aa43c6742/go.mod h1:bx2lNnkwVCuqBIxFjflWJWanXIb3RllmbCylyMrvgv0=
github.com/nfnt/resize v0.0.0-20180221191011-83c6a9932646 h1:zYyBkD/k9seD2A7fsi6Oo2LfFZAehjjQMERAvZLEDnQ=
github.com/nfnt/resize v0.0.0-20180221191011-83c6a9932646/go.mod h1:jpp1/29i3P1S/RLdc7JQKbRpFeM1dOBd8T9ki5s+AY8=
github.com/onsi/ginkgo v1.6.0/go.mod h1:lLunBs/Ym6LB5Z9jYTR76FiuTmxDTDusOGeTQH+WWjE=
github.com/onsi/ginkgo v1.7.0/go.mod h1:lLunBs/Ym6LB5Z9jYTR76FiuTmxDTDusOGeTQH+WWjE=
github.com/onsi/gomega v1.4.3/go.mod h1:ex+gbHU/CVuBBDIJjb2X0qEXbFg53c61hWP/1CpauHY=
github.com/pelletier/go-toml v1.2.0/go.mod h1:5z9KED0ma1S8pY6P1sdut58dfprrGBbd/94hg7ilaic=
github.com/pkg/errors v0.8.0/go.mod h1:bwawxfHBFNV+L2hUp1rHADufV3IMtnDRdf1r5NINEl0=
github.com/pmezard/go-difflib v1.0.0/go.mod h1:iKH77koFhYxTK1pcRnkKkqfTogsbg7gZNVY4sRDYZ/4=
github.com/radovskyb/watcher v1.0.7 h1:AYePLih6dpmS32vlHfhCeli8127LzkIgwJGcwwe8tUE=
github.com/radovskyb/watcher v1.0.7/go.mod h1:78okwvY5wPdzcb1UYnip1pvrZNIVEIh/Cm+ZuvsUYIg=
github.com/shirou/gopsutil v2.20.2+incompatible h1:ucK79BhBpgqQxPASyS2cu9HX8cfDVljBN1WWFvbNvgY=
github.com/shirou/gopsutil v2.20.2+incompatible/go.mod h1:5b4v6he4MtMOwMlS0TUMTu2PcXUg8+E1lC7eC3UO/RA=
github.com/siddontang/go v0.0.0-20180604090527-bdc77568d726/go.mod h1:3yhqj7WBBfRhbBlzyOC3gUxftwsU0u8gqevxwIHQpMw=
github.com/siddontang/ledisdb v0.0.0-20181029004158-becf5f38d373/go.mod h1:mF1DpOSOUiJRMR+FDqaqu3EBqrybQtrDDszLUZ6oxPg=
github.com/siddontang/rdb v0.0.0-20150307021120-fc89ed2e418d/go.mod h1:AMEsy7v5z92TR1JKMkLLoaOQk++LVnOKL3ScbJ8GNGA=
github.com/sjqzhang/googleAuthenticator v0.0.0-20160926062737-f198f070e0b1 h1:bZULqukbZwF0dU3eMzHEJIRFd5g4esdunH2tSxb/3zM=
github.com/sjqzhang/googleAuthenticator v0.0.0-20160926062737-f198f070e0b1/go.mod h1:3dZBu0iTIeYYTplN+E5OuVyZB7WVFG4CIFIkP8aCtOU=
github.com/sjqzhang/goutil v0.0.0-20190521040736-8e3b861db0d2 h1:G8qXOTcwseYFPO78vYBsQ567wqgYjS6wZbt+N5drrUI=
github.com/sjqzhang/goutil v0.0.0-20190521040736-8e3b861db0d2/go.mod h1:CL/oZ05rD741LFJm3VooVjCq7SAbVnSuFI0fksqXPbA=
github.com/sjqzhang/seelog v0.0.0-20180104061743-556439109558 h1:oE5F3kOhYrM1AU+cjACP5x3DPSuJP2FPm1L+gXyal5U=
github.com/sjqzhang/seelog v0.0.0-20180104061743-556439109558/go.mod h1:3nknfvbQruunNuiPtbvtiSHbth0cQvsgLT8sz/O7Kec=
github.com/sjqzhang/tusd v0.0.0-20190220031306-a6a9d78ef54a h1:4F8rVrPqtfnFpfpvwMnp5BNnqtgtSUNn5caEx2lXmdY=
github.com/sjqzhang/tusd v0.0.0-20190220031306-a6a9d78ef54a/go.mod h1:5ijY0siiVs/FlzH0VQegsYWs1el3AFBrCQb4TSdUQRU=
github.com/ssdb/gossdb v0.0.0-20180723034631-88f6b59b84ec/go.mod h1:QBvMkMya+gXctz3kmljlUCu/yB3GZ6oee+dUozsezQE=
github.com/stretchr/objx v0.1.0/go.mod h1:HFkY916IF+rwdDfMAkV7OtwuqBVzrE8GR6GFx+wExME=
github.com/stretchr/testify v1.3.0/go.mod h1:M5WIy9Dh21IEIfnGCwXGc5bZfKNJtfHm1UVUgZn+9EI=
github.com/syndtr/goleveldb v0.0.0-20181127023241-353a9fca669c/go.mod h1:Z4AUp2Km+PwemOoO/VB5AOx9XSsIItzFjoJlOSiYmn0=
github.com/syndtr/goleveldb v1.0.0 h1:fBdIW9lB4Iz0n9khmH8w27SJ3QEJ7+IgjPEwGSZiFdE=
github.com/syndtr/goleveldb v1.0.0/go.mod h1:ZVVdQEZoIme9iO1Ch2Jdy24qqXrMMOU6lpPAyBWyWuQ=
github.com/wendal/errors v0.0.0-20130201093226-f66c77a7882b/go.mod h1:Q12BUT7DqIlHRmgv3RskH+UCM/4eqVMgI0EMmlSpAXc=
golang.org/x/crypto v0.0.0-20190308221718-c2843e01d9a2/go.mod h1:djNgcEr1/C05ACkg1iLfiJU5Ep61QUkGW8qpdssI0+w=
golang.org/x/crypto v0.0.0-20191011191535-87dc89f01550/go.mod h1:yigFU9vqHzYiE8UmvKecakEJjdnWj3jj499lnFckfCI=
golang.org/x/mod v0.1.1-0.20191105210325-c90efee705ee/go.mod h1:QqPTAvyqsEbceGzBzNggFXnrqF1CaUcvgkdR5Ot7KZg=
golang.org/x/net v0.0.0-20180906233101-161cd47e91fd/go.mod h1:mL1N/T3taQHkDXs73rZJwtUhF3w3ftmwwsq0BUmARs4=
golang.org/x/net v0.0.0-20190404232315-eb5bcb51f2a3/go.mod h1:t9HGtf8HONx5eT2rtn7q6eTqICYqUVnKs3thJo3Qplg=
golang.org/x/net v0.0.0-20190620200207-3b0461eec859/go.mod h1:z5CRVTTTmAJ677TzLLGU+0bjPO0LkuOLi4/5GtJWs/s=
golang.org/x/sync v0.0.0-20180314180146-1d60e4601c6f/go.mod h1:RxMgew5VJxzue5/jJTE5uejpjVlOe/izrB70Jof72aM=
golang.org/x/sync v0.0.0-20190423024810-112230192c58/go.mod h1:RxMgew5VJxzue5/jJTE5uejpjVlOe/izrB70Jof72aM=
golang.org/x/sys v0.0.0-20180909124046-d0be0721c37e/go.mod h1:STP8DvDyc/dI5b8T5hshtkjS+E42TnysNCUPdjciGhY=
golang.org/x/sys v0.0.0-20190215142949-d0b11bdaac8a/go.mod h1:STP8DvDyc/dI5b8T5hshtkjS+E42TnysNCUPdjciGhY=
golang.org/x/sys v0.0.0-20190412213103-97732733099d h1:+R4KGOnez64A81RvjARKc4UT5/tI9ujCIVX+P5KiHuI=
golang.org/x/sys v0.0.0-20190412213103-97732733099d/go.mod h1:h1NjWce9XRLGQEsW7wpKNCjG9DtNlClVuFLEZdDNbEs=
golang.org/x/text v0.3.0/go.mod h1:NqM8EUOU14njkJ3fqMW+pc6Ldnwhi/IjpwHt7yyuwOQ=
golang.org/x/tools v0.0.0-20200117065230-39095c1d176c/go.mod h1:TB2adYChydJhpapKDTa4BR/hXlZSLoq2Wpct/0txZ28=
golang.org/x/xerrors v0.0.0-20191011141410-1b5146add898/go.mod h1:I/5z698sn9Ka8TeJc9MKroUUfqBBauWjQqLJ2OPfmY0=
gopkg.in/Acconut/lockfile.v1 v1.1.0 h1:c5AMZOxgM1y+Zl8eSbaCENzVYp/LCaWosbQSXzb3FVI=
gopkg.in/Acconut/lockfile.v1 v1.1.0/go.mod h1:6UCz3wJ8tSFUsPR6uP/j8uegEtDuEEqFxlpi0JI4Umw=
gopkg.in/check.v1 v0.0.0-20161208181325-20d25e280405/go.mod h1:Co6ibVJAznAaIkqp8huTwlJQCZ016jof/cbN4VW5Yz0=
gopkg.in/fsnotify.v1 v1.4.7/go.mod h1:Tz8NjZHkW78fSQdbUxIjBTcgA1z1m8ZHf0WmKUhAMys=
gopkg.in/tomb.v1 v1.0.0-20141024135613-dd632973f1e7/go.mod h1:dt/ZhP58zS4L8KSrWDmTeBkI65Dw0HsyUHuEVlX15mw=
gopkg.in/yaml.v2 v2.2.1 h1:mUhvW9EsL+naU5Q3cakzfE91YhliOondGd6ZrsDBHQE=
gopkg.in/yaml.v2 v2.2.1/go.mod h1:hI93XBmqTisBFMUTm0b8Fm+jr3Dg1NNxqwp+5A1VGuI=
